
Microsoft Visual Studio Solution File, Format Version 12.00
# Visual Studio Version 17
VisualStudioVersion = 17.14.36221.1 d17.14
MinimumVisualStudioVersion = 10.0.40219.1
Project("{FAE04EC0-301F-11D3-BF4B-00C04F79EFBC}") = "USTrails.API", "USTrails.API\USTrails.API.csproj", "{7244CD81-0662-4656-A0DD-888A7552ECDF}"
EndProject
Global
	GlobalSection(SolutionConfigurationPlatforms) = preSolution
		Debug|Any CPU = Debug|Any CPU
		Release|Any CPU = Release|Any CPU
	EndGlobalSection
	GlobalSection(ProjectConfigurationPlatforms) = postSolution
		{7244CD81-0662-4656-A0DD-888A7552ECDF}.Debug|Any CPU.ActiveCfg = Debug|Any CPU
		{7244CD81-0662-4656-A0DD-888A7552ECDF}.Debug|Any CPU.Build.0 = Debug|Any CPU
		{7244CD81-0662-4656-A0DD-888A7552ECDF}.Release|Any CPU.ActiveCfg = Release|Any CPU
		{7244CD81-0662-4656-A0DD-888A7552ECDF}.Release|Any CPU.Build.0 = Release|Any CPU
	EndGlobalSection
	GlobalSection(SolutionProperties) = preSolution
		HideSolutionNode = FALSE
	EndGlobalSection
	GlobalSection(ExtensibilityGlobals) = postSolution
		SolutionGuid = {2FE1D84E-8E85-44FF-A9EF-02565598B9DA}
	EndGlobalSection
EndGlobal
